
Microsoft Visual Studio Solution File, Format Version 12.00
# Visual Studio Version 16
VisualStudioVersion = 16.0.31321.278
MinimumVisualStudioVersion = 10.0.40219.1
Project("{FAE04EC0-301F-11D3-BF4B-00C04F79EFBC}") = "DemoExamYPChat", "DemoExamYPChat\DemoExamYPChat.csproj", "{AAF0B83F-08AE-4415-8949-95B163176171}"
EndProject
Global
	GlobalSection(SolutionConfigurationPlatforms) = preSolution
		Debug|Any CPU = Debug|Any CPU
		Release|Any CPU = Release|Any CPU
	EndGlobalSection
	GlobalSection(ProjectConfigurationPlatforms) = postSolution
		{AAF0B83F-08AE-4415-8949-95B163176171}.Debug|Any CPU.ActiveCfg = Debug|Any CPU
		{AAF0B83F-08AE-4415-8949-95B163176171}.Debug|Any CPU.Build.0 = Debug|Any CPU
		{AAF0B83F-08AE-4415-8949-95B163176171}.Release|Any CPU.ActiveCfg = Release|Any CPU
		{AAF0B83F-08AE-4415-8949-95B163176171}.Release|Any CPU.Build.0 = Release|Any CPU
	EndGlobalSection
	GlobalSection(SolutionProperties) = preSolution
		HideSolutionNode = FALSE
	EndGlobalSection
	GlobalSection(ExtensibilityGlobals) = postSolution
		SolutionGuid = {E36140E2-1184-4CB1-B956-79E4715CDA89}
	EndGlobalSection
EndGlobal
